
Microsoft Visual Studio Solution File, Format Version 12.00
# Visual Studio Version 17
VisualStudioVersion = 17.13.35825.156 d17.13
MinimumVisualStudioVersion = 10.0.40219.1
Project("{FAE04EC0-301F-11D3-BF4B-00C04F79EFBC}") = "realworldlab22-swosti-33", "realworldlab22-swosti-33\realworldlab22-swosti-33.csproj", "{CF27EE28-68FE-48E9-B956-0327DD361C4B}"
EndProject
Global
	GlobalSection(SolutionConfigurationPlatforms) = preSolution
		Debug|Any CPU = Debug|Any CPU
		Release|Any CPU = Release|Any CPU
	EndGlobalSection
	GlobalSection(ProjectConfigurationPlatforms) = postSolution
		{CF27EE28-68FE-48E9-B956-0327DD361C4B}.Debug|Any CPU.ActiveCfg = Debug|Any CPU
		{CF27EE28-68FE-48E9-B956-0327DD361C4B}.Debug|Any CPU.Build.0 = Debug|Any CPU
		{CF27EE28-68FE-48E9-B956-0327DD361C4B}.Release|Any CPU.ActiveCfg = Release|Any CPU
		{CF27EE28-68FE-48E9-B956-0327DD361C4B}.Release|Any CPU.Build.0 = Release|Any CPU
	EndGlobalSection
	GlobalSection(SolutionProperties) = preSolution
		HideSolutionNode = FALSE
	EndGlobalSection
	GlobalSection(ExtensibilityGlobals) = postSolution
		SolutionGuid = {7BF84F43-4311-44B8-80B5-F8B0D8B74FFA}
	EndGlobalSection
EndGlobal
