
Microsoft Visual Studio Solution File, Format Version 12.00
# Visual Studio Version 17
VisualStudioVersion = 17.13.35825.156 d17.13
MinimumVisualStudioVersion = 10.0.40219.1
Project("{FAE04EC0-301F-11D3-BF4B-00C04F79EFBC}") = "lab20-swosti-33", "lab20-swosti-33\lab20-swosti-33.csproj", "{2F0B0239-E4AE-4FDD-9626-27B139B181C6}"
EndProject
Global
	GlobalSection(SolutionConfigurationPlatforms) = preSolution
		Debug|Any CPU = Debug|Any CPU
		Release|Any CPU = Release|Any CPU
	EndGlobalSection
	GlobalSection(ProjectConfigurationPlatforms) = postSolution
		{2F0B0239-E4AE-4FDD-9626-27B139B181C6}.Debug|Any CPU.ActiveCfg = Debug|Any CPU
		{2F0B0239-E4AE-4FDD-9626-27B139B181C6}.Debug|Any CPU.Build.0 = Debug|Any CPU
		{2F0B0239-E4AE-4FDD-9626-27B139B181C6}.Release|Any CPU.ActiveCfg = Release|Any CPU
		{2F0B0239-E4AE-4FDD-9626-27B139B181C6}.Release|Any CPU.Build.0 = Release|Any CPU
	EndGlobalSection
	GlobalSection(SolutionProperties) = preSolution
		HideSolutionNode = FALSE
	EndGlobalSection
	GlobalSection(ExtensibilityGlobals) = postSolution
		SolutionGuid = {6A7FACD2-1B95-4720-B9DE-D435D56933D2}
	EndGlobalSection
EndGlobal
