
Microsoft Visual Studio Solution File, Format Version 12.00
# Visual Studio Version 17
VisualStudioVersion = 17.13.35825.156 d17.13
MinimumVisualStudioVersion = 10.0.40219.1
Project("{FAE04EC0-301F-11D3-BF4B-00C04F79EFBC}") = "enumeration-swosti-33", "enumeration-swosti-33\enumeration-swosti-33.csproj", "{1FF85D19-2A71-4347-BDDB-C22CC77F1687}"
EndProject
Global
	GlobalSection(SolutionConfigurationPlatforms) = preSolution
		Debug|Any CPU = Debug|Any CPU
		Release|Any CPU = Release|Any CPU
	EndGlobalSection
	GlobalSection(ProjectConfigurationPlatforms) = postSolution
		{1FF85D19-2A71-4347-BDDB-C22CC77F1687}.Debug|Any CPU.ActiveCfg = Debug|Any CPU
		{1FF85D19-2A71-4347-BDDB-C22CC77F1687}.Debug|Any CPU.Build.0 = Debug|Any CPU
		{1FF85D19-2A71-4347-BDDB-C22CC77F1687}.Release|Any CPU.ActiveCfg = Release|Any CPU
		{1FF85D19-2A71-4347-BDDB-C22CC77F1687}.Release|Any CPU.Build.0 = Release|Any CPU
	EndGlobalSection
	GlobalSection(SolutionProperties) = preSolution
		HideSolutionNode = FALSE
	EndGlobalSection
	GlobalSection(ExtensibilityGlobals) = postSolution
		SolutionGuid = {4A969BCF-B685-4019-B031-A38EFC760B54}
	EndGlobalSection
EndGlobal
