
Microsoft Visual Studio Solution File, Format Version 12.00
# Visual Studio Version 17
VisualStudioVersion = 17.13.35825.156 d17.13
MinimumVisualStudioVersion = 10.0.40219.1
Project("{FAE04EC0-301F-11D3-BF4B-00C04F79EFBC}") = "overloadinglab18-swosti-33", "overloadinglab18-swosti-33\overloadinglab18-swosti-33.csproj", "{5B02D4A4-92F1-4AD7-AC03-DAC6BE84B27C}"
EndProject
Global
	GlobalSection(SolutionConfigurationPlatforms) = preSolution
		Debug|Any CPU = Debug|Any CPU
		Release|Any CPU = Release|Any CPU
	EndGlobalSection
	GlobalSection(ProjectConfigurationPlatforms) = postSolution
		{5B02D4A4-92F1-4AD7-AC03-DAC6BE84B27C}.Debug|Any CPU.ActiveCfg = Debug|Any CPU
		{5B02D4A4-92F1-4AD7-AC03-DAC6BE84B27C}.Debug|Any CPU.Build.0 = Debug|Any CPU
		{5B02D4A4-92F1-4AD7-AC03-DAC6BE84B27C}.Release|Any CPU.ActiveCfg = Release|Any CPU
		{5B02D4A4-92F1-4AD7-AC03-DAC6BE84B27C}.Release|Any CPU.Build.0 = Release|Any CPU
	EndGlobalSection
	GlobalSection(SolutionProperties) = preSolution
		HideSolutionNode = FALSE
	EndGlobalSection
	GlobalSection(ExtensibilityGlobals) = postSolution
		SolutionGuid = {A29662E3-929D-4A87-86DB-2A8A32CEF552}
	EndGlobalSection
EndGlobal
