
Microsoft Visual Studio Solution File, Format Version 12.00
# Visual Studio Version 17
VisualStudioVersion = 17.13.35825.156 d17.13
MinimumVisualStudioVersion = 10.0.40219.1
Project("{FAE04EC0-301F-11D3-BF4B-00C04F79EFBC}") = "dynamicbinding-using-abstract-swosti-33", "dynamicbinding-using-abstract-swosti-33\dynamicbinding-using-abstract-swosti-33.csproj", "{4E1ACCA6-3946-4D7E-8D02-017855E75797}"
EndProject
Global
	GlobalSection(SolutionConfigurationPlatforms) = preSolution
		Debug|Any CPU = Debug|Any CPU
		Release|Any CPU = Release|Any CPU
	EndGlobalSection
	GlobalSection(ProjectConfigurationPlatforms) = postSolution
		{4E1ACCA6-3946-4D7E-8D02-017855E75797}.Debug|Any CPU.ActiveCfg = Debug|Any CPU
		{4E1ACCA6-3946-4D7E-8D02-017855E75797}.Debug|Any CPU.Build.0 = Debug|Any CPU
		{4E1ACCA6-3946-4D7E-8D02-017855E75797}.Release|Any CPU.ActiveCfg = Release|Any CPU
		{4E1ACCA6-3946-4D7E-8D02-017855E75797}.Release|Any CPU.Build.0 = Release|Any CPU
	EndGlobalSection
	GlobalSection(SolutionProperties) = preSolution
		HideSolutionNode = FALSE
	EndGlobalSection
	GlobalSection(ExtensibilityGlobals) = postSolution
		SolutionGuid = {B59E85E8-8C63-48A1-AEB9-33B3AA8B3089}
	EndGlobalSection
EndGlobal
