
Microsoft Visual Studio Solution File, Format Version 12.00
# Visual Studio Version 17
VisualStudioVersion = 17.13.35825.156 d17.13
MinimumVisualStudioVersion = 10.0.40219.1
Project("{FAE04EC0-301F-11D3-BF4B-00C04F79EFBC}") = "Enum-swosti-33", "Enum-swosti-33\Enum-swosti-33.csproj", "{5E96F30C-D5F3-49BF-B370-C980F3598097}"
EndProject
Global
	GlobalSection(SolutionConfigurationPlatforms) = preSolution
		Debug|Any CPU = Debug|Any CPU
		Release|Any CPU = Release|Any CPU
	EndGlobalSection
	GlobalSection(ProjectConfigurationPlatforms) = postSolution
		{5E96F30C-D5F3-49BF-B370-C980F3598097}.Debug|Any CPU.ActiveCfg = Debug|Any CPU
		{5E96F30C-D5F3-49BF-B370-C980F3598097}.Debug|Any CPU.Build.0 = Debug|Any CPU
		{5E96F30C-D5F3-49BF-B370-C980F3598097}.Release|Any CPU.ActiveCfg = Release|Any CPU
		{5E96F30C-D5F3-49BF-B370-C980F3598097}.Release|Any CPU.Build.0 = Release|Any CPU
	EndGlobalSection
	GlobalSection(SolutionProperties) = preSolution
		HideSolutionNode = FALSE
	EndGlobalSection
	GlobalSection(ExtensibilityGlobals) = postSolution
		SolutionGuid = {05E91D7C-108A-4122-ACDB-2B2FE9ADC559}
	EndGlobalSection
EndGlobal
